# This file was autogenerated by Stack.
# You should not edit this file by hand.
# For more information, please see the documentation at:
#   https://docs.haskellstack.org/en/stable/lock_files

packages:
- completed:
    commit: 041ef0b8bc273eb16da167716bc60337d7fcfaa1
    git: https://github.com/brendanhay/ede.git
    name: ede
    pantry-tree:
      sha256: d2aac5fa9406b70d27652fcc386278d993d5bdaf25b56c1a8bb77edbb02accce
      size: 6100
    version: 0.3.3.0
  original:
    commit: 041ef0b8bc273eb16da167716bc60337d7fcfaa1
    git: https://github.com/brendanhay/ede.git
- completed:
    hackage: aeson-2.2.3.0@sha256:011fa2d67d7a821aa5ec5c825adc919bb067d42dde8fac7c6e5db23239a58866,6589
    pantry-tree:
      sha256: e928995a568c7437575160844341219a5b057fc8e27f51162da8595692e2500c
      size: 83371
  original:
    hackage: aeson-2.2.3.0
- completed:
    hackage: attoparsec-aeson-2.2.2.0@sha256:02dc3cc4d217a364471da7ce0f47be39e5b1449e7768134e5f2926d87a21448d,1590
    pantry-tree:
      sha256: e218cf2c1290f8f718a5501f23383d7de2b226800314ba61539b260e078d3c5f
      size: 404
  original:
    hackage: attoparsec-aeson-2.2.2.0
- completed:
    hackage: character-ps-0.1@sha256:b38ed1c07ae49e7461e44ca1d00c9ca24d1dcb008424ccd919916f92fd48d9fe,1315
    pantry-tree:
      sha256: 22d98d7c8b4c2bb9cb7fe429adf52bfed0c18269eac146b1e591c5941e26161a
      size: 382
  original:
    hackage: character-ps-0.1
- completed:
    hackage: hashable-1.4.7.0@sha256:573f3ab242f75465a0d67ce9d84202650a1606575e6dbd6d31ffcf4767a9a379,6629
    pantry-tree:
      sha256: 9ec168505c52fa389b7447a1251b302e32537adeecac88c2aa72beed53beb3bd
      size: 1578
  original:
    hackage: hashable-1.4.7.0
snapshots:
- completed:
    sha256: bc144ddf301a5c99f2cf51c7de50279ba144fd4486cb3c66f87ed761d6bbf6e9
    size: 719131
    url: https://raw.githubusercontent.com/commercialhaskell/stackage-snapshots/master/lts/22/27.yaml
  original: lts-22.27
